// !$*UTF8*$!
{
	archiveVersion = 1;
	classes = {
	};
	objectVersion = 77;
	objects = {

/* Begin PBXBuildFile section */
		0F5E19A4FD6F29CD04ECF3EE /* AppCommands.swift in Sources */ = {isa = PBXBuildFile; fileRef = 34926BF691929F831D572DA6 /* AppCommands.swift */; };
		156CC9884C035523C51F8633 /* Assets.xcassets in Resources */ = {isa = PBXBuildFile; fileRef = 964FC7E86E531B40AF6C6B25 /* Assets.xcassets */; };
		19C734B25801287CCBC0965E /* WindowAccessor.swift in Sources */ = {isa = PBXBuildFile; fileRef = BBC854990F60AB0CB51F2D00 /* WindowAccessor.swift */; };
		550CB004425857EEE5605BC6 /* ScriptEditorView.swift in Sources */ = {isa = PBXBuildFile; fileRef = 5D6422B3D1AB8EAE38906A1E /* ScriptEditorView.swift */; };
		58CA15BAF7B3F2A705A49CDB /* ContentView.swift in Sources */ = {isa = PBXBuildFile; fileRef = 32BEDDC9335A19808758ED30 /* ContentView.swift */; };
		9403388456DFC9DD9F86953E /* PrompterModel.swift in Sources */ = {isa = PBXBuildFile; fileRef = 55003B3A85BC8F473A396CC4 /* PrompterModel.swift */; };
		B36C2072618ADC4CAACED3B8 /* TeleprompterApp.swift in Sources */ = {isa = PBXBuildFile; fileRef = FCB3B1ACCDFDA46331DDEEB9 /* TeleprompterApp.swift */; };
		C6675270916045FEE2365AEE /* ControlsOverlay.swift in Sources */ = {isa = PBXBuildFile; fileRef = 687DE2D1452CCD321A91B9A4 /* ControlsOverlay.swift */; };
/* End PBXBuildFile section */

/* Begin PBXFileReference section */
		302C2DA7B7C2945B6CA20321 /* Teleprompter.app */ = {isa = PBXFileReference; explicitFileType = wrapper.application; includeInIndex = 0; path = Teleprompter.app; sourceTree = BUILT_PRODUCTS_DIR; };
		32BEDDC9335A19808758ED30 /* ContentView.swift */ = {isa = PBXFileReference; lastKnownFileType = sourcecode.swift; path = ContentView.swift; sourceTree = "<group>"; };
		34926BF691929F831D572DA6 /* AppCommands.swift */ = {isa = PBXFileReference; lastKnownFileType = sourcecode.swift; path = AppCommands.swift; sourceTree = "<group>"; };
		55003B3A85BC8F473A396CC4 /* PrompterModel.swift */ = {isa = PBXFileReference; lastKnownFileType = sourcecode.swift; path = PrompterModel.swift; sourceTree = "<group>"; };
		5D6422B3D1AB8EAE38906A1E /* ScriptEditorView.swift */ = {isa = PBXFileReference; lastKnownFileType = sourcecode.swift; path = ScriptEditorView.swift; sourceTree = "<group>"; };
		687DE2D1452CCD321A91B9A4 /* ControlsOverlay.swift */ = {isa = PBXFileReference; lastKnownFileType = sourcecode.swift; path = ControlsOverlay.swift; sourceTree = "<group>"; };
		964FC7E86E531B40AF6C6B25 /* Assets.xcassets */ = {isa = PBXFileReference; lastKnownFileType = folder.assetcatalog; path = Assets.xcassets; sourceTree = "<group>"; };
		BBC854990F60AB0CB51F2D00 /* WindowAccessor.swift */ = {isa = PBXFileReference; lastKnownFileType = sourcecode.swift; path = WindowAccessor.swift; sourceTree = "<group>"; };
		FCB3B1ACCDFDA46331DDEEB9 /* TeleprompterApp.swift */ = {isa = PBXFileReference; lastKnownFileType = sourcecode.swift; path = TeleprompterApp.swift; sourceTree = "<group>"; };
/* End PBXFileReference section */

/* Begin PBXGroup section */
		040F5F94C6F4EEF7ABA8560A = {
			isa = PBXGroup;
			children = (
				36CD99BFE3A939A2840086C8 /* Teleprompter */,
				2E0C3F6580EF195BD2AB6F92 /* Products */,
			);
			sourceTree = "<group>";
		};
		2E0C3F6580EF195BD2AB6F92 /* Products */ = {
			isa = PBXGroup;
			children = (
				302C2DA7B7C2945B6CA20321 /* Teleprompter.app */,
			);
			name = Products;
			sourceTree = "<group>";
		};
		36CD99BFE3A939A2840086C8 /* Teleprompter */ = {
			isa = PBXGroup;
			children = (
				34926BF691929F831D572DA6 /* AppCommands.swift */,
				964FC7E86E531B40AF6C6B25 /* Assets.xcassets */,
				32BEDDC9335A19808758ED30 /* ContentView.swift */,
				687DE2D1452CCD321A91B9A4 /* ControlsOverlay.swift */,
				55003B3A85BC8F473A396CC4 /* PrompterModel.swift */,
				5D6422B3D1AB8EAE38906A1E /* ScriptEditorView.swift */,
				FCB3B1ACCDFDA46331DDEEB9 /* TeleprompterApp.swift */,
				BBC854990F60AB0CB51F2D00 /* WindowAccessor.swift */,
			);
			path = Teleprompter;
			sourceTree = "<group>";
		};
/* End PBXGroup section */

/* Begin PBXNativeTarget section */
		725F04B3CB317C61DC8B74DA /* Teleprompter */ = {
			isa = PBXNativeTarget;
			buildConfigurationList = CD431B6B1CEA4C61E210C9E1 /* Build configuration list for PBXNativeTarget "Teleprompter" */;
			buildPhases = (
				1B42BD89D2B5E9555F644890 /* Sources */,
				A43C595B0BD2F0BBF816531F /* Resources */,
			);
			buildRules = (
			);
			dependencies = (
			);
			name = Teleprompter;
			packageProductDependencies = (
			);
			productName = Teleprompter;
			productReference = 302C2DA7B7C2945B6CA20321 /* Teleprompter.app */;
			productType = "com.apple.product-type.application";
		};
/* End PBXNativeTarget section */

/* Begin PBXProject section */
		F839A74C3666CD3F82B8DE7B /* Project object */ = {
			isa = PBXProject;
			attributes = {
				BuildIndependentTargetsInParallel = YES;
				LastUpgradeCheck = 1430;
				TargetAttributes = {
					725F04B3CB317C61DC8B74DA = {
						DevelopmentTeam = "";
						ProvisioningStyle = Manual;
					};
				};
			};
			buildConfigurationList = 579FAA475DA9777C3EBA2D02 /* Build configuration list for PBXProject "Teleprompter" */;
			compatibilityVersion = "Xcode 14.0";
			developmentRegion = en;
			hasScannedForEncodings = 0;
			knownRegions = (
				Base,
				en,
			);
			mainGroup = 040F5F94C6F4EEF7ABA8560A;
			minimizedProjectReferenceProxies = 1;
			preferredProjectObjectVersion = 77;
			projectDirPath = "";
			projectRoot = "";
			targets = (
				725F04B3CB317C61DC8B74DA /* Teleprompter */,
			);
		};
/* End PBXProject section */

/* Begin PBXResourcesBuildPhase section */
		A43C595B0BD2F0BBF816531F /* Resources */ = {
			isa = PBXResourcesBuildPhase;
			buildActionMask = 2147483647;
			files = (
				156CC9884C035523C51F8633 /* Assets.xcassets in Resources */,
			);
			runOnlyForDeploymentPostprocessing = 0;
		};
/* End PBXResourcesBuildPhase section */

/* Begin PBXSourcesBuildPhase section */
		1B42BD89D2B5E9555F644890 /* Sources */ = {
			isa = PBXSourcesBuildPhase;
			buildActionMask = 2147483647;
			files = (
				0F5E19A4FD6F29CD04ECF3EE /* AppCommands.swift in Sources */,
				58CA15BAF7B3F2A705A49CDB /* ContentView.swift in Sources */,
				C6675270916045FEE2365AEE /* ControlsOverlay.swift in Sources */,
				9403388456DFC9DD9F86953E /* PrompterModel.swift in Sources */,
				550CB004425857EEE5605BC6 /* ScriptEditorView.swift in Sources */,
				B36C2072618ADC4CAACED3B8 /* TeleprompterApp.swift in Sources */,
				19C734B25801287CCBC0965E /* WindowAccessor.swift in Sources */,
			);
			runOnlyForDeploymentPostprocessing = 0;
		};
/* End PBXSourcesBuildPhase section */

/* Begin XCBuildConfiguration section */
		2C80847033DC5C2CE957B38E /* Debug */ = {
			isa = XCBuildConfiguration;
			buildSettings = {
				ASSETCATALOG_COMPILER_APPICON_NAME = AppIcon;
				COMBINE_HIDPI_IMAGES = YES;
				ENABLE_PREVIEWS = YES;
				GENERATE_INFOPLIST_FILE = NO;
				INFOPLIST_FILE = Teleprompter/Info.plist;
				LD_RUNPATH_SEARCH_PATHS = (
					"$(inherited)",
					"@executable_path/../Frameworks",
				);
				PRODUCT_BUNDLE_IDENTIFIER = com.gshimoon.Teleprompter;
				PRODUCT_NAME = Teleprompter;
				SDKROOT = macosx;
			};
			name = Debug;
		};
		565AB39C4BDB90D4D3162D5D /* Release */ = {
			isa = XCBuildConfiguration;
			buildSettings = {
				ALWAYS_SEARCH_USER_PATHS = NO;
				CLANG_ANALYZER_NONNULL = YES;
				CLANG_ANALYZER_NUMBER_OBJECT_CONVERSION = YES_AGGRESSIVE;
				CLANG_CXX_LANGUAGE_STANDARD = "gnu++14";
				CLANG_CXX_LIBRARY = "libc++";
				CLANG_ENABLE_MODULES = YES;
				CLANG_ENABLE_OBJC_ARC = YES;
				CLANG_ENABLE_OBJC_WEAK = YES;
				CLANG_WARN_BLOCK_CAPTURE_AUTORELEASING = YES;
				CLANG_WARN_BOOL_CONVERSION = YES;
				CLANG_WARN_COMMA = YES;
				CLANG_WARN_CONSTANT_CONVERSION = YES;
				CLANG_WARN_DEPRECATED_OBJC_IMPLEMENTATIONS = YES;
				CLANG_WARN_DIRECT_OBJC_ISA_USAGE = YES_ERROR;
				CLANG_WARN_DOCUMENTATION_COMMENTS = YES;
				CLANG_WARN_EMPTY_BODY = YES;
				CLANG_WARN_ENUM_CONVERSION = YES;
				CLANG_WARN_INFINITE_RECURSION = YES;
				CLANG_WARN_INT_CONVERSION = YES;
				CLANG_WARN_NON_LITERAL_NULL_CONVERSION = YES;
				CLANG_WARN_OBJC_IMPLICIT_RETAIN_SELF = YES;
				CLANG_WARN_OBJC_LITERAL_CONVERSION = YES;
				CLANG_WARN_OBJC_ROOT_CLASS = YES_ERROR;
				CLANG_WARN_QUOTED_INCLUDE_IN_FRAMEWORK_HEADER = YES;
				CLANG_WARN_RANGE_LOOP_ANALYSIS = YES;
				CLANG_WARN_STRICT_PROTOTYPES = YES;
				CLANG_WARN_SUSPICIOUS_MOVE = YES;
				CLANG_WARN_UNGUARDED_AVAILABILITY = YES_AGGRESSIVE;
				CLANG_WARN_UNREACHABLE_CODE = YES;
				CLANG_WARN__DUPLICATE_METHOD_MATCH = YES;
				CODE_SIGN_IDENTITY = "-";
				CODE_SIGN_STYLE = Manual;
				COPY_PHASE_STRIP = NO;
				CURRENT_PROJECT_VERSION = 1;
				DEBUG_INFORMATION_FORMAT = "dwarf-with-dsym";
				DEVELOPMENT_TEAM = "";
				ENABLE_HARDENED_RUNTIME = NO;
				ENABLE_NS_ASSERTIONS = NO;
				ENABLE_STRICT_OBJC_MSGSEND = YES;
				ENABLE_USER_SCRIPT_SANDBOXING = NO;
				GCC_C_LANGUAGE_STANDARD = gnu11;
				GCC_NO_COMMON_BLOCKS = YES;
				GCC_WARN_64_TO_32_BIT_CONVERSION = YES;
				GCC_WARN_ABOUT_RETURN_TYPE = YES_ERROR;
				GCC_WARN_UNDECLARED_SELECTOR = YES;
				GCC_WARN_UNINITIALIZED_AUTOS = YES_AGGRESSIVE;
				GCC_WARN_UNUSED_FUNCTION = YES;
				GCC_WARN_UNUSED_VARIABLE = YES;
				MACOSX_DEPLOYMENT_TARGET = 14.0;
				MARKETING_VERSION = 1.0.0;
				MTL_ENABLE_DEBUG_INFO = NO;
				MTL_FAST_MATH = YES;
				PRODUCT_NAME = "$(TARGET_NAME)";
				SDKROOT = macosx;
				SWIFT_COMPILATION_MODE = wholemodule;
				SWIFT_OPTIMIZATION_LEVEL = "-O";
				SWIFT_VERSION = 5.0;
			};
			name = Release;
		};
		9EFAC109DB484BE42FD13D93 /* Release */ = {
			isa = XCBuildConfiguration;
			buildSettings = {
				ASSETCATALOG_COMPILER_APPICON_NAME = AppIcon;
				COMBINE_HIDPI_IMAGES = YES;
				ENABLE_PREVIEWS = YES;
				GENERATE_INFOPLIST_FILE = NO;
				INFOPLIST_FILE = Teleprompter/Info.plist;
				LD_RUNPATH_SEARCH_PATHS = (
					"$(inherited)",
					"@executable_path/../Frameworks",
				);
				PRODUCT_BUNDLE_IDENTIFIER = com.gshimoon.Teleprompter;
				PRODUCT_NAME = Teleprompter;
				SDKROOT = macosx;
			};
			name = Release;
		};
		B659E647F65267028D623B96 /* Debug */ = {
			isa = XCBuildConfiguration;
			buildSettings = {
				ALWAYS_SEARCH_USER_PATHS = NO;
				CLANG_ANALYZER_NONNULL = YES;
				CLANG_ANALYZER_NUMBER_OBJECT_CONVERSION = YES_AGGRESSIVE;
				CLANG_CXX_LANGUAGE_STANDARD = "gnu++14";
				CLANG_CXX_LIBRARY = "libc++";
				CLANG_ENABLE_MODULES = YES;
				CLANG_ENABLE_OBJC_ARC = YES;
				CLANG_ENABLE_OBJC_WEAK = YES;
				CLANG_WARN_BLOCK_CAPTURE_AUTORELEASING = YES;
				CLANG_WARN_BOOL_CONVERSION = YES;
				CLANG_WARN_COMMA = YES;
				CLANG_WARN_CONSTANT_CONVERSION = YES;
				CLANG_WARN_DEPRECATED_OBJC_IMPLEMENTATIONS = YES;
				CLANG_WARN_DIRECT_OBJC_ISA_USAGE = YES_ERROR;
				CLANG_WARN_DOCUMENTATION_COMMENTS = YES;
				CLANG_WARN_EMPTY_BODY = YES;
				CLANG_WARN_ENUM_CONVERSION = YES;
				CLANG_WARN_INFINITE_RECURSION = YES;
				CLANG_WARN_INT_CONVERSION = YES;
				CLANG_WARN_NON_LITERAL_NULL_CONVERSION = YES;
				CLANG_WARN_OBJC_IMPLICIT_RETAIN_SELF = YES;
				CLANG_WARN_OBJC_LITERAL_CONVERSION = YES;
				CLANG_WARN_OBJC_ROOT_CLASS = YES_ERROR;
				CLANG_WARN_QUOTED_INCLUDE_IN_FRAMEWORK_HEADER = YES;
				CLANG_WARN_RANGE_LOOP_ANALYSIS = YES;
				CLANG_WARN_STRICT_PROTOTYPES = YES;
				CLANG_WARN_SUSPICIOUS_MOVE = YES;
				CLANG_WARN_UNGUARDED_AVAILABILITY = YES_AGGRESSIVE;
				CLANG_WARN_UNREACHABLE_CODE = YES;
				CLANG_WARN__DUPLICATE_METHOD_MATCH = YES;
				CODE_SIGN_IDENTITY = "-";
				CODE_SIGN_STYLE = Manual;
				COPY_PHASE_STRIP = NO;
				CURRENT_PROJECT_VERSION = 1;
				DEBUG_INFORMATION_FORMAT = dwarf;
				DEVELOPMENT_TEAM = "";
				ENABLE_HARDENED_RUNTIME = NO;
				ENABLE_STRICT_OBJC_MSGSEND = YES;
				ENABLE_TESTABILITY = YES;
				ENABLE_USER_SCRIPT_SANDBOXING = NO;
				GCC_C_LANGUAGE_STANDARD = gnu11;
				GCC_DYNAMIC_NO_PIC = NO;
				GCC_NO_COMMON_BLOCKS = YES;
				GCC_OPTIMIZATION_LEVEL = 0;
				GCC_PREPROCESSOR_DEFINITIONS = (
					"$(inherited)",
					"DEBUG=1",
				);
				GCC_WARN_64_TO_32_BIT_CONVERSION = YES;
				GCC_WARN_ABOUT_RETURN_TYPE = YES_ERROR;
				GCC_WARN_UNDECLARED_SELECTOR = YES;
				GCC_WARN_UNINITIALIZED_AUTOS = YES_AGGRESSIVE;
				GCC_WARN_UNUSED_FUNCTION = YES;
				GCC_WARN_UNUSED_VARIABLE = YES;
				MACOSX_DEPLOYMENT_TARGET = 14.0;
				MARKETING_VERSION = 1.0.0;
				MTL_ENABLE_DEBUG_INFO = INCLUDE_SOURCE;
				MTL_FAST_MATH = YES;
				ONLY_ACTIVE_ARCH = YES;
				PRODUCT_NAME = "$(TARGET_NAME)";
				SDKROOT = macosx;
				SWIFT_ACTIVE_COMPILATION_CONDITIONS = DEBUG;
				SWIFT_OPTIMIZATION_LEVEL = "-Onone";
				SWIFT_VERSION = 5.0;
			};
			name = Debug;
		};
/* End XCBuildConfiguration section */

/* Begin XCConfigurationList section */
		579FAA475DA9777C3EBA2D02 /* Build configuration list for PBXProject "Teleprompter" */ = {
			isa = XCConfigurationList;
			buildConfigurations = (
				B659E647F65267028D623B96 /* Debug */,
				565AB39C4BDB90D4D3162D5D /* Release */,
			);
			defaultConfigurationIsVisible = 0;
			defaultConfigurationName = Debug;
		};
		CD431B6B1CEA4C61E210C9E1 /* Build configuration list for PBXNativeTarget "Teleprompter" */ = {
			isa = XCConfigurationList;
			buildConfigurations = (
				2C80847033DC5C2CE957B38E /* Debug */,
				9EFAC109DB484BE42FD13D93 /* Release */,
			);
			defaultConfigurationIsVisible = 0;
			defaultConfigurationName = Debug;
		};
/* End XCConfigurationList section */
	};
	rootObject = F839A74C3666CD3F82B8DE7B /* Project object */;
}
